// !$*UTF8*$!
{
	archiveVersion = 1;
	classes = {
	};
	objectVersion = 50;
	objects = {

/* Begin PBXBuildFile section */
		1F0996FA275EF58600967EB1 /* AppDelegate.swift in Sources */ = {isa = PBXBuildFile; fileRef = 1F0996F9275EF58600967EB1 /* AppDelegate.swift */; };
		1F0996FC275EF58600967EB1 /* SceneDelegate.swift in Sources */ = {isa = PBXBuildFile; fileRef = 1F0996FB275EF58600967EB1 /* SceneDelegate.swift */; };
		1F0996FE275EF58600967EB1 /* ViewController.swift in Sources */ = {isa = PBXBuildFile; fileRef = 1F0996FD275EF58600967EB1 /* ViewController.swift */; };
		1F099701275EF58600967EB1 /* Main.storyboard in Resources */ = {isa = PBXBuildFile; fileRef = 1F0996FF275EF58600967EB1 /* Main.storyboard */; };
		1F099704275EF58600967EB1 /* AllTrailsLunchTime.xcdatamodeld in Sources */ = {isa = PBXBuildFile; fileRef = 1F099702275EF58600967EB1 /* AllTrailsLunchTime.xcdatamodeld */; };
		1F099706275EF58800967EB1 /* Assets.xcassets in Resources */ = {isa = PBXBuildFile; fileRef = 1F099705275EF58800967EB1 /* Assets.xcassets */; };
		1F099709275EF58800967EB1 /* LaunchScreen.storyboard in Resources */ = {isa = PBXBuildFile; fileRef = 1F099707275EF58800967EB1 /* LaunchScreen.storyboard */; };
		1F099715275EF5DA00967EB1 /* MapDisplayController.swift in Sources */ = {isa = PBXBuildFile; fileRef = 1F099714275EF5DA00967EB1 /* MapDisplayController.swift */; };
		1F099717275F05CC00967EB1 /* PlacesService.swift in Sources */ = {isa = PBXBuildFile; fileRef = 1F099716275F05CC00967EB1 /* PlacesService.swift */; };
		1F099719275FF68D00967EB1 /* Restaurant.swift in Sources */ = {isa = PBXBuildFile; fileRef = 1F099718275FF68D00967EB1 /* Restaurant.swift */; };
		1F09971F2761050C00967EB1 /* Extensions.swift in Sources */ = {isa = PBXBuildFile; fileRef = 1F09971E2761050C00967EB1 /* Extensions.swift */; };
		1F0997212761344C00967EB1 /* MapPoint.swift in Sources */ = {isa = PBXBuildFile; fileRef = 1F0997202761344C00967EB1 /* MapPoint.swift */; };
		1F0997232761441700967EB1 /* CustomAnnotationView.swift in Sources */ = {isa = PBXBuildFile; fileRef = 1F0997222761441700967EB1 /* CustomAnnotationView.swift */; };
		1F0997292761A77E00967EB1 /* TableDisplayController.swift in Sources */ = {isa = PBXBuildFile; fileRef = 1F0997282761A77E00967EB1 /* TableDisplayController.swift */; };
/* End PBXBuildFile section */

/* Begin PBXFileReference section */
		1F0996F6275EF58600967EB1 /* AllTrailsLunchTime.app */ = {isa = PBXFileReference; explicitFileType = wrapper.application; includeInIndex = 0; path = AllTrailsLunchTime.app; sourceTree = BUILT_PRODUCTS_DIR; };
		1F0996F9275EF58600967EB1 /* AppDelegate.swift */ = {isa = PBXFileReference; lastKnownFileType = sourcecode.swift; path = AppDelegate.swift; sourceTree = "<group>"; };
		1F0996FB275EF58600967EB1 /* SceneDelegate.swift */ = {isa = PBXFileReference; lastKnownFileType = sourcecode.swift; path = SceneDelegate.swift; sourceTree = "<group>"; };
		1F0996FD275EF58600967EB1 /* ViewController.swift */ = {isa = PBXFileReference; lastKnownFileType = sourcecode.swift; path = ViewController.swift; sourceTree = "<group>"; };
		1F099700275EF58600967EB1 /* Base */ = {isa = PBXFileReference; lastKnownFileType = file.storyboard; name = Base; path = Base.lproj/Main.storyboard; sourceTree = "<group>"; };
		1F099703275EF58600967EB1 /* AllTrailsLunchTime.xcdatamodel */ = {isa = PBXFileReference; lastKnownFileType = wrapper.xcdatamodel; path = AllTrailsLunchTime.xcdatamodel; sourceTree = "<group>"; };
		1F099705275EF58800967EB1 /* Assets.xcassets */ = {isa = PBXFileReference; lastKnownFileType = folder.assetcatalog; path = Assets.xcassets; sourceTree = "<group>"; };
		1F099708275EF58800967EB1 /* Base */ = {isa = PBXFileReference; lastKnownFileType = file.storyboard; name = Base; path = Base.lproj/LaunchScreen.storyboard; sourceTree = "<group>"; };
		1F09970A275EF58800967EB1 /* Info.plist */ = {isa = PBXFileReference; lastKnownFileType = text.plist.xml; path = Info.plist; sourceTree = "<group>"; };
		1F099714275EF5DA00967EB1 /* MapDisplayController.swift */ = {isa = PBXFileReference; lastKnownFileType = sourcecode.swift; path = MapDisplayController.swift; sourceTree = "<group>"; };
		1F099716275F05CC00967EB1 /* PlacesService.swift */ = {isa = PBXFileReference; lastKnownFileType = sourcecode.swift; path = PlacesService.swift; sourceTree = "<group>"; };
		1F099718275FF68D00967EB1 /* Restaurant.swift */ = {isa = PBXFileReference; lastKnownFileType = sourcecode.swift; path = Restaurant.swift; sourceTree = "<group>"; };
		1F09971E2761050C00967EB1 /* Extensions.swift */ = {isa = PBXFileReference; lastKnownFileType = sourcecode.swift; path = Extensions.swift; sourceTree = "<group>"; };
		1F0997202761344C00967EB1 /* MapPoint.swift */ = {isa = PBXFileReference; lastKnownFileType = sourcecode.swift; path = MapPoint.swift; sourceTree = "<group>"; };
		1F0997222761441700967EB1 /* CustomAnnotationView.swift */ = {isa = PBXFileReference; lastKnownFileType = sourcecode.swift; path = CustomAnnotationView.swift; sourceTree = "<group>"; };
		1F0997282761A77E00967EB1 /* TableDisplayController.swift */ = {isa = PBXFileReference; lastKnownFileType = sourcecode.swift; path = TableDisplayController.swift; sourceTree = "<group>"; };
/* End PBXFileReference section */

/* Begin PBXFrameworksBuildPhase section */
		1F0996F3275EF58600967EB1 /* Frameworks */ = {
			isa = PBXFrameworksBuildPhase;
			buildActionMask = 2147483647;
			files = (
			);
			runOnlyForDeploymentPostprocessing = 0;
		};
/* End PBXFrameworksBuildPhase section */

/* Begin PBXGroup section */
		1F0996ED275EF58600967EB1 = {
			isa = PBXGroup;
			children = (
				1F0996F8275EF58600967EB1 /* AllTrailsLunchTime */,
				1F0996F7275EF58600967EB1 /* Products */,
			);
			sourceTree = "<group>";
		};
		1F0996F7275EF58600967EB1 /* Products */ = {
			isa = PBXGroup;
			children = (
				1F0996F6275EF58600967EB1 /* AllTrailsLunchTime.app */,
			);
			name = Products;
			sourceTree = "<group>";
		};
		1F0996F8275EF58600967EB1 /* AllTrailsLunchTime */ = {
			isa = PBXGroup;
			children = (
				1F099713275EF5A500967EB1 /* Model */,
				1F099712275EF59E00967EB1 /* Controllers */,
				1F099711275EF59700967EB1 /* API */,
				1F099710275EF59300967EB1 /* View */,
				1F0996F9275EF58600967EB1 /* AppDelegate.swift */,
				1F0996FB275EF58600967EB1 /* SceneDelegate.swift */,
				1F0996FD275EF58600967EB1 /* ViewController.swift */,
				1F09971E2761050C00967EB1 /* Extensions.swift */,
				1F0996FF275EF58600967EB1 /* Main.storyboard */,
				1F099705275EF58800967EB1 /* Assets.xcassets */,
				1F099707275EF58800967EB1 /* LaunchScreen.storyboard */,
				1F09970A275EF58800967EB1 /* Info.plist */,
				1F099702275EF58600967EB1 /* AllTrailsLunchTime.xcdatamodeld */,
			);
			path = AllTrailsLunchTime;
			sourceTree = "<group>";
		};
		1F099710275EF59300967EB1 /* View */ = {
			isa = PBXGroup;
			children = (
				1F0997222761441700967EB1 /* CustomAnnotationView.swift */,
			);
			path = View;
			sourceTree = "<group>";
		};
		1F099711275EF59700967EB1 /* API */ = {
			isa = PBXGroup;
			children = (
				1F099716275F05CC00967EB1 /* PlacesService.swift */,
			);
			path = API;
			sourceTree = "<group>";
		};
		1F099712275EF59E00967EB1 /* Controllers */ = {
			isa = PBXGroup;
			children = (
				1F099714275EF5DA00967EB1 /* MapDisplayController.swift */,
				1F0997282761A77E00967EB1 /* TableDisplayController.swift */,
			);
			path = Controllers;
			sourceTree = "<group>";
		};
		1F099713275EF5A500967EB1 /* Model */ = {
			isa = PBXGroup;
			children = (
				1F099718275FF68D00967EB1 /* Restaurant.swift */,
				1F0997202761344C00967EB1 /* MapPoint.swift */,
			);
			path = Model;
			sourceTree = "<group>";
		};
/* End PBXGroup section */

/* Begin PBXNativeTarget section */
		1F0996F5275EF58600967EB1 /* AllTrailsLunchTime */ = {
			isa = PBXNativeTarget;
			buildConfigurationList = 1F09970D275EF58800967EB1 /* Build configuration list for PBXNativeTarget "AllTrailsLunchTime" */;
			buildPhases = (
				1F0996F2275EF58600967EB1 /* Sources */,
				1F0996F3275EF58600967EB1 /* Frameworks */,
				1F0996F4275EF58600967EB1 /* Resources */,
			);
			buildRules = (
			);
			dependencies = (
			);
			name = AllTrailsLunchTime;
			productName = AllTrailsLunchTime;
			productReference = 1F0996F6275EF58600967EB1 /* AllTrailsLunchTime.app */;
			productType = "com.apple.product-type.application";
		};
/* End PBXNativeTarget section */

/* Begin PBXProject section */
		1F0996EE275EF58600967EB1 /* Project object */ = {
			isa = PBXProject;
			attributes = {
				LastSwiftUpdateCheck = 1250;
				LastUpgradeCheck = 1250;
				TargetAttributes = {
					1F0996F5275EF58600967EB1 = {
						CreatedOnToolsVersion = 12.5.1;
					};
				};
			};
			buildConfigurationList = 1F0996F1275EF58600967EB1 /* Build configuration list for PBXProject "AllTrailsLunchTime" */;
			compatibilityVersion = "Xcode 9.3";
			developmentRegion = en;
			hasScannedForEncodings = 0;
			knownRegions = (
				en,
				Base,
			);
			mainGroup = 1F0996ED275EF58600967EB1;
			productRefGroup = 1F0996F7275EF58600967EB1 /* Products */;
			projectDirPath = "";
			projectRoot = "";
			targets = (
				1F0996F5275EF58600967EB1 /* AllTrailsLunchTime */,
			);
		};
/* End PBXProject section */

/* Begin PBXResourcesBuildPhase section */
		1F0996F4275EF58600967EB1 /* Resources */ = {
			isa = PBXResourcesBuildPhase;
			buildActionMask = 2147483647;
			files = (
				1F099709275EF58800967EB1 /* LaunchScreen.storyboard in Resources */,
				1F099706275EF58800967EB1 /* Assets.xcassets in Resources */,
				1F099701275EF58600967EB1 /* Main.storyboard in Resources */,
			);
			runOnlyForDeploymentPostprocessing = 0;
		};
/* End PBXResourcesBuildPhase section */

/* Begin PBXSourcesBuildPhase section */
		1F0996F2275EF58600967EB1 /* Sources */ = {
			isa = PBXSourcesBuildPhase;
			buildActionMask = 2147483647;
			files = (
				1F099704275EF58600967EB1 /* AllTrailsLunchTime.xcdatamodeld in Sources */,
				1F0996FE275EF58600967EB1 /* ViewController.swift in Sources */,
				1F099715275EF5DA00967EB1 /* MapDisplayController.swift in Sources */,
				1F09971F2761050C00967EB1 /* Extensions.swift in Sources */,
				1F099719275FF68D00967EB1 /* Restaurant.swift in Sources */,
				1F099717275F05CC00967EB1 /* PlacesService.swift in Sources */,
				1F0997232761441700967EB1 /* CustomAnnotationView.swift in Sources */,
				1F0996FA275EF58600967EB1 /* AppDelegate.swift in Sources */,
				1F0996FC275EF58600967EB1 /* SceneDelegate.swift in Sources */,
				1F0997292761A77E00967EB1 /* TableDisplayController.swift in Sources */,
				1F0997212761344C00967EB1 /* MapPoint.swift in Sources */,
			);
			runOnlyForDeploymentPostprocessing = 0;
		};
/* End PBXSourcesBuildPhase section */

/* Begin PBXVariantGroup section */
		1F0996FF275EF58600967EB1 /* Main.storyboard */ = {
			isa = PBXVariantGroup;
			children = (
				1F099700275EF58600967EB1 /* Base */,
			);
			name = Main.storyboard;
			sourceTree = "<group>";
		};
		1F099707275EF58800967EB1 /* LaunchScreen.storyboard */ = {
			isa = PBXVariantGroup;
			children = (
				1F099708275EF58800967EB1 /* Base */,
			);
			name = LaunchScreen.storyboard;
			sourceTree = "<group>";
		};
/* End PBXVariantGroup section */

/* Begin XCBuildConfiguration section */
		1F09970B275EF58800967EB1 /* Debug */ = {
			isa = XCBuildConfiguration;
			buildSettings = {
				ALWAYS_SEARCH_USER_PATHS = NO;
				CLANG_ANALYZER_NONNULL = YES;
				CLANG_ANALYZER_NUMBER_OBJECT_CONVERSION = YES_AGGRESSIVE;
				CLANG_CXX_LANGUAGE_STANDARD = "gnu++14";
				CLANG_CXX_LIBRARY = "libc++";
				CLANG_ENABLE_MODULES = YES;
				CLANG_ENABLE_OBJC_ARC = YES;
				CLANG_ENABLE_OBJC_WEAK = YES;
				CLANG_WARN_BLOCK_CAPTURE_AUTORELEASING = YES;
				CLANG_WARN_BOOL_CONVERSION = YES;
				CLANG_WARN_COMMA = YES;
				CLANG_WARN_CONSTANT_CONVERSION = YES;
				CLANG_WARN_DEPRECATED_OBJC_IMPLEMENTATIONS = YES;
				CLANG_WARN_DIRECT_OBJC_ISA_USAGE = YES_ERROR;
				CLANG_WARN_DOCUMENTATION_COMMENTS = YES;
				CLANG_WARN_EMPTY_BODY = YES;
				CLANG_WARN_ENUM_CONVERSION = YES;
				CLANG_WARN_INFINITE_RECURSION = YES;
				CLANG_WARN_INT_CONVERSION = YES;
				CLANG_WARN_NON_LITERAL_NULL_CONVERSION = YES;
				CLANG_WARN_OBJC_IMPLICIT_RETAIN_SELF = YES;
				CLANG_WARN_OBJC_LITERAL_CONVERSION = YES;
				CLANG_WARN_OBJC_ROOT_CLASS = YES_ERROR;
				CLANG_WARN_QUOTED_INCLUDE_IN_FRAMEWORK_HEADER = YES;
				CLANG_WARN_RANGE_LOOP_ANALYSIS = YES;
				CLANG_WARN_STRICT_PROTOTYPES = YES;
				CLANG_WARN_SUSPICIOUS_MOVE = YES;
				CLANG_WARN_UNGUARDED_AVAILABILITY = YES_AGGRESSIVE;
				CLANG_WARN_UNREACHABLE_CODE = YES;
				CLANG_WARN__DUPLICATE_METHOD_MATCH = YES;
				COPY_PHASE_STRIP = NO;
				DEBUG_INFORMATION_FORMAT = dwarf;
				ENABLE_STRICT_OBJC_MSGSEND = YES;
				ENABLE_TESTABILITY = YES;
				GCC_C_LANGUAGE_STANDARD = gnu11;
				GCC_DYNAMIC_NO_PIC = NO;
				GCC_NO_COMMON_BLOCKS = YES;
				GCC_OPTIMIZATION_LEVEL = 0;
				GCC_PREPROCESSOR_DEFINITIONS = (
					"DEBUG=1",
					"$(inherited)",
				);
				GCC_WARN_64_TO_32_BIT_CONVERSION = YES;
				GCC_WARN_ABOUT_RETURN_TYPE = YES_ERROR;
				GCC_WARN_UNDECLARED_SELECTOR = YES;
				GCC_WARN_UNINITIALIZED_AUTOS = YES_AGGRESSIVE;
				GCC_WARN_UNUSED_FUNCTION = YES;
				GCC_WARN_UNUSED_VARIABLE = YES;
				IPHONEOS_DEPLOYMENT_TARGET = 14.5;
				MTL_ENABLE_DEBUG_INFO = INCLUDE_SOURCE;
				MTL_FAST_MATH = YES;
				ONLY_ACTIVE_ARCH = YES;
				SDKROOT = iphoneos;
				SWIFT_ACTIVE_COMPILATION_CONDITIONS = DEBUG;
				SWIFT_OPTIMIZATION_LEVEL = "-Onone";
			};
			name = Debug;
		};
		1F09970C275EF58800967EB1 /* Release */ = {
			isa = XCBuildConfiguration;
			buildSettings = {
				ALWAYS_SEARCH_USER_PATHS = NO;
				CLANG_ANALYZER_NONNULL = YES;
				CLANG_ANALYZER_NUMBER_OBJECT_CONVERSION = YES_AGGRESSIVE;
				CLANG_CXX_LANGUAGE_STANDARD = "gnu++14";
				CLANG_CXX_LIBRARY = "libc++";
				CLANG_ENABLE_MODULES = YES;
				CLANG_ENABLE_OBJC_ARC = YES;
				CLANG_ENABLE_OBJC_WEAK = YES;
				CLANG_WARN_BLOCK_CAPTURE_AUTORELEASING = YES;
				CLANG_WARN_BOOL_CONVERSION = YES;
				CLANG_WARN_COMMA = YES;
				CLANG_WARN_CONSTANT_CONVERSION = YES;
				CLANG_WARN_DEPRECATED_OBJC_IMPLEMENTATIONS = YES;
				CLANG_WARN_DIRECT_OBJC_ISA_USAGE = YES_ERROR;
				CLANG_WARN_DOCUMENTATION_COMMENTS = YES;
				CLANG_WARN_EMPTY_BODY = YES;
				CLANG_WARN_ENUM_CONVERSION = YES;
				CLANG_WARN_INFINITE_RECURSION = YES;
				CLANG_WARN_INT_CONVERSION = YES;
				CLANG_WARN_NON_LITERAL_NULL_CONVERSION = YES;
				CLANG_WARN_OBJC_IMPLICIT_RETAIN_SELF = YES;
				CLANG_WARN_OBJC_LITERAL_CONVERSION = YES;
				CLANG_WARN_OBJC_ROOT_CLASS = YES_ERROR;
				CLANG_WARN_QUOTED_INCLUDE_IN_FRAMEWORK_HEADER = YES;
				CLANG_WARN_RANGE_LOOP_ANALYSIS = YES;
				CLANG_WARN_STRICT_PROTOTYPES = YES;
				CLANG_WARN_SUSPICIOUS_MOVE = YES;
				CLANG_WARN_UNGUARDED_AVAILABILITY = YES_AGGRESSIVE;
				CLANG_WARN_UNREACHABLE_CODE = YES;
				CLANG_WARN__DUPLICATE_METHOD_MATCH = YES;
				COPY_PHASE_STRIP = NO;
				DEBUG_INFORMATION_FORMAT = "dwarf-with-dsym";
				ENABLE_NS_ASSERTIONS = NO;
				ENABLE_STRICT_OBJC_MSGSEND = YES;
				GCC_C_LANGUAGE_STANDARD = gnu11;
				GCC_NO_COMMON_BLOCKS = YES;
				GCC_WARN_64_TO_32_BIT_CONVERSION = YES;
				GCC_WARN_ABOUT_RETURN_TYPE = YES_ERROR;
				GCC_WARN_UNDECLARED_SELECTOR = YES;
				GCC_WARN_UNINITIALIZED_AUTOS = YES_AGGRESSIVE;
				GCC_WARN_UNUSED_FUNCTION = YES;
				GCC_WARN_UNUSED_VARIABLE = YES;
				IPHONEOS_DEPLOYMENT_TARGET = 14.5;
				MTL_ENABLE_DEBUG_INFO = NO;
				MTL_FAST_MATH = YES;
				SDKROOT = iphoneos;
				SWIFT_COMPILATION_MODE = wholemodule;
				SWIFT_OPTIMIZATION_LEVEL = "-O";
				VALIDATE_PRODUCT = YES;
			};
			name = Release;
		};
		1F09970E275EF58800967EB1 /* Debug */ = {
			isa = XCBuildConfiguration;
			buildSettings = {
				ASSETCATALOG_COMPILER_APPICON_NAME = AppIcon;
				ASSETCATALOG_COMPILER_GLOBAL_ACCENT_COLOR_NAME = AccentColor;
				CODE_SIGN_STYLE = Automatic;
				DEVELOPMENT_TEAM = WGGQQLHLB3;
				INFOPLIST_FILE = AllTrailsLunchTime/Info.plist;
				LD_RUNPATH_SEARCH_PATHS = (
					"$(inherited)",
					"@executable_path/Frameworks",
				);
				PRODUCT_BUNDLE_IDENTIFIER = com.mechellesieglitz.AllTrailsLunchTime;
				PRODUCT_NAME = "$(TARGET_NAME)";
				SWIFT_VERSION = 5.0;
				TARGETED_DEVICE_FAMILY = "1,2";
			};
			name = Debug;
		};
		1F09970F275EF58800967EB1 /* Release */ = {
			isa = XCBuildConfiguration;
			buildSettings = {
				ASSETCATALOG_COMPILER_APPICON_NAME = AppIcon;
				ASSETCATALOG_COMPILER_GLOBAL_ACCENT_COLOR_NAME = AccentColor;
				CODE_SIGN_STYLE = Automatic;
				DEVELOPMENT_TEAM = WGGQQLHLB3;
				INFOPLIST_FILE = AllTrailsLunchTime/Info.plist;
				LD_RUNPATH_SEARCH_PATHS = (
					"$(inherited)",
					"@executable_path/Frameworks",
				);
				PRODUCT_BUNDLE_IDENTIFIER = com.mechellesieglitz.AllTrailsLunchTime;
				PRODUCT_NAME = "$(TARGET_NAME)";
				SWIFT_VERSION = 5.0;
				TARGETED_DEVICE_FAMILY = "1,2";
			};
			name = Release;
		};
/* End XCBuildConfiguration section */

/* Begin XCConfigurationList section */
		1F0996F1275EF58600967EB1 /* Build configuration list for PBXProject "AllTrailsLunchTime" */ = {
			isa = XCConfigurationList;
			buildConfigurations = (
				1F09970B275EF58800967EB1 /* Debug */,
				1F09970C275EF58800967EB1 /* Release */,
			);
			defaultConfigurationIsVisible = 0;
			defaultConfigurationName = Release;
		};
		1F09970D275EF58800967EB1 /* Build configuration list for PBXNativeTarget "AllTrailsLunchTime" */ = {
			isa = XCConfigurationList;
			buildConfigurations = (
				1F09970E275EF58800967EB1 /* Debug */,
				1F09970F275EF58800967EB1 /* Release */,
			);
			defaultConfigurationIsVisible = 0;
			defaultConfigurationName = Release;
		};
/* End XCConfigurationList section */

/* Begin XCVersionGroup section */
		1F099702275EF58600967EB1 /* AllTrailsLunchTime.xcdatamodeld */ = {
			isa = XCVersionGroup;
			children = (
				1F099703275EF58600967EB1 /* AllTrailsLunchTime.xcdatamodel */,
			);
			currentVersion = 1F099703275EF58600967EB1 /* AllTrailsLunchTime.xcdatamodel */;
			path = AllTrailsLunchTime.xcdatamodeld;
			sourceTree = "<group>";
			versionGroupType = wrapper.xcdatamodel;
		};
/* End XCVersionGroup section */
	};
	rootObject = 1F0996EE275EF58600967EB1 /* Project object */;
}
